// !$*UTF8*$!
{
	archiveVersion = 1;
	classes = {
	};
	objectVersion = 46;
	objects = {

/* Begin PBXBuildFile section */
		670F0ACC1DC2522A0015D5E0 /* CardGameController.swift in Sources */ = {isa = PBXBuildFile; fileRef = 670F0ACB1DC2522A0015D5E0 /* CardGameController.swift */; };
		67277B4E1DC788510067C232 /* Deck.swift in Sources */ = {isa = PBXBuildFile; fileRef = 67277B4D1DC788510067C232 /* Deck.swift */; };
		67BF0E781DBFAD2B00ABA537 /* AppDelegate.swift in Sources */ = {isa = PBXBuildFile; fileRef = 67BF0E771DBFAD2B00ABA537 /* AppDelegate.swift */; };
		67BF0E7D1DBFAD2B00ABA537 /* Main.storyboard in Resources */ = {isa = PBXBuildFile; fileRef = 67BF0E7B1DBFAD2B00ABA537 /* Main.storyboard */; };
		67BF0E7F1DBFAD2C00ABA537 /* Assets.xcassets in Resources */ = {isa = PBXBuildFile; fileRef = 67BF0E7E1DBFAD2C00ABA537 /* Assets.xcassets */; };
		67BF0E821DBFAD2C00ABA537 /* LaunchScreen.storyboard in Resources */ = {isa = PBXBuildFile; fileRef = 67BF0E801DBFAD2C00ABA537 /* LaunchScreen.storyboard */; };
		67BF0E8A1DBFAE3A00ABA537 /* Card.swift in Sources */ = {isa = PBXBuildFile; fileRef = 67BF0E891DBFAE3A00ABA537 /* Card.swift */; };
		67BF0E8C1DBFAE6700ABA537 /* PlayingCard.swift in Sources */ = {isa = PBXBuildFile; fileRef = 67BF0E8B1DBFAE6700ABA537 /* PlayingCard.swift */; };
/* End PBXBuildFile section */

/* Begin PBXFileReference section */
		670F0ACB1DC2522A0015D5E0 /* CardGameController.swift */ = {isa = PBXFileReference; fileEncoding = 4; lastKnownFileType = sourcecode.swift; path = CardGameController.swift; sourceTree = "<group>"; };
		67277B4D1DC788510067C232 /* Deck.swift */ = {isa = PBXFileReference; fileEncoding = 4; lastKnownFileType = sourcecode.swift; name = Deck.swift; path = Model/Deck.swift; sourceTree = "<group>"; };
		67BF0E741DBFAD2B00ABA537 /* CardGame.app */ = {isa = PBXFileReference; explicitFileType = wrapper.application; includeInIndex = 0; path = CardGame.app; sourceTree = BUILT_PRODUCTS_DIR; };
		67BF0E771DBFAD2B00ABA537 /* AppDelegate.swift */ = {isa = PBXFileReference; lastKnownFileType = sourcecode.swift; path = AppDelegate.swift; sourceTree = "<group>"; };
		67BF0E7C1DBFAD2B00ABA537 /* Base */ = {isa = PBXFileReference; lastKnownFileType = file.storyboard; name = Base; path = Base.lproj/Main.storyboard; sourceTree = "<group>"; };
		67BF0E7E1DBFAD2C00ABA537 /* Assets.xcassets */ = {isa = PBXFileReference; lastKnownFileType = folder.assetcatalog; path = Assets.xcassets; sourceTree = "<group>"; };
		67BF0E811DBFAD2C00ABA537 /* Base */ = {isa = PBXFileReference; lastKnownFileType = file.storyboard; name = Base; path = Base.lproj/LaunchScreen.storyboard; sourceTree = "<group>"; };
		67BF0E831DBFAD2C00ABA537 /* Info.plist */ = {isa = PBXFileReference; lastKnownFileType = text.plist.xml; path = Info.plist; sourceTree = "<group>"; };
		67BF0E891DBFAE3A00ABA537 /* Card.swift */ = {isa = PBXFileReference; fileEncoding = 4; lastKnownFileType = sourcecode.swift; name = Card.swift; path = Model/Card.swift; sourceTree = "<group>"; };
		67BF0E8B1DBFAE6700ABA537 /* PlayingCard.swift */ = {isa = PBXFileReference; fileEncoding = 4; lastKnownFileType = sourcecode.swift; name = PlayingCard.swift; path = Model/PlayingCard.swift; sourceTree = "<group>"; };
/* End PBXFileReference section */

/* Begin PBXFrameworksBuildPhase section */
		67BF0E711DBFAD2B00ABA537 /* Frameworks */ = {
			isa = PBXFrameworksBuildPhase;
			buildActionMask = 2147483647;
			files = (
			);
			runOnlyForDeploymentPostprocessing = 0;
		};
/* End PBXFrameworksBuildPhase section */

/* Begin PBXGroup section */
		670F0AC91DC252010015D5E0 /* Controller */ = {
			isa = PBXGroup;
			children = (
				670F0ACB1DC2522A0015D5E0 /* CardGameController.swift */,
			);
			name = Controller;
			sourceTree = "<group>";
		};
		670F0ACA1DC2520D0015D5E0 /* View */ = {
			isa = PBXGroup;
			children = (
				67BF0E7B1DBFAD2B00ABA537 /* Main.storyboard */,
				67BF0E7E1DBFAD2C00ABA537 /* Assets.xcassets */,
				67BF0E801DBFAD2C00ABA537 /* LaunchScreen.storyboard */,
			);
			name = View;
			sourceTree = "<group>";
		};
		67BF0E6B1DBFAD2B00ABA537 = {
			isa = PBXGroup;
			children = (
				67BF0E761DBFAD2B00ABA537 /* CardGame */,
				67BF0E751DBFAD2B00ABA537 /* Products */,
			);
			sourceTree = "<group>";
		};
		67BF0E751DBFAD2B00ABA537 /* Products */ = {
			isa = PBXGroup;
			children = (
				67BF0E741DBFAD2B00ABA537 /* CardGame.app */,
			);
			name = Products;
			sourceTree = "<group>";
		};
		67BF0E761DBFAD2B00ABA537 /* CardGame */ = {
			isa = PBXGroup;
			children = (
				67BF0E771DBFAD2B00ABA537 /* AppDelegate.swift */,
				670F0ACA1DC2520D0015D5E0 /* View */,
				67BF0E8D1DBFAEC500ABA537 /* Model */,
				670F0AC91DC252010015D5E0 /* Controller */,
				67BF0E831DBFAD2C00ABA537 /* Info.plist */,
			);
			path = CardGame;
			sourceTree = "<group>";
		};
		67BF0E8D1DBFAEC500ABA537 /* Model */ = {
			isa = PBXGroup;
			children = (
				67BF0E891DBFAE3A00ABA537 /* Card.swift */,
				67BF0E8B1DBFAE6700ABA537 /* PlayingCard.swift */,
				67277B4D1DC788510067C232 /* Deck.swift */,
			);
			name = Model;
			sourceTree = "<group>";
		};
/* End PBXGroup section */

/* Begin PBXNativeTarget section */
		67BF0E731DBFAD2B00ABA537 /* CardGame */ = {
			isa = PBXNativeTarget;
			buildConfigurationList = 67BF0E861DBFAD2C00ABA537 /* Build configuration list for PBXNativeTarget "CardGame" */;
			buildPhases = (
				67BF0E701DBFAD2B00ABA537 /* Sources */,
				67BF0E711DBFAD2B00ABA537 /* Frameworks */,
				67BF0E721DBFAD2B00ABA537 /* Resources */,
			);
			buildRules = (
			);
			dependencies = (
			);
			name = CardGame;
			productName = CardGame;
			productReference = 67BF0E741DBFAD2B00ABA537 /* CardGame.app */;
			productType = "com.apple.product-type.application";
		};
/* End PBXNativeTarget section */

/* Begin PBXProject section */
		67BF0E6C1DBFAD2B00ABA537 /* Project object */ = {
			isa = PBXProject;
			attributes = {
				LastSwiftUpdateCheck = 0720;
				LastUpgradeCheck = 0720;
				ORGANIZATIONNAME = Ctec;
				TargetAttributes = {
					67BF0E731DBFAD2B00ABA537 = {
						CreatedOnToolsVersion = 7.2;
					};
				};
			};
			buildConfigurationList = 67BF0E6F1DBFAD2B00ABA537 /* Build configuration list for PBXProject "CardGame" */;
			compatibilityVersion = "Xcode 3.2";
			developmentRegion = English;
			hasScannedForEncodings = 0;
			knownRegions = (
				en,
				Base,
			);
			mainGroup = 67BF0E6B1DBFAD2B00ABA537;
			productRefGroup = 67BF0E751DBFAD2B00ABA537 /* Products */;
			projectDirPath = "";
			projectRoot = "";
			targets = (
				67BF0E731DBFAD2B00ABA537 /* CardGame */,
			);
		};
/* End PBXProject section */

/* Begin PBXResourcesBuildPhase section */
		67BF0E721DBFAD2B00ABA537 /* Resources */ = {
			isa = PBXResourcesBuildPhase;
			buildActionMask = 2147483647;
			files = (
				67BF0E821DBFAD2C00ABA537 /* LaunchScreen.storyboard in Resources */,
				67BF0E7F1DBFAD2C00ABA537 /* Assets.xcassets in Resources */,
				67BF0E7D1DBFAD2B00ABA537 /* Main.storyboard in Resources */,
			);
			runOnlyForDeploymentPostprocessing = 0;
		};
/* End PBXResourcesBuildPhase section */

/* Begin PBXSourcesBuildPhase section */
		67BF0E701DBFAD2B00ABA537 /* Sources */ = {
			isa = PBXSourcesBuildPhase;
			buildActionMask = 2147483647;
			files = (
				670F0ACC1DC2522A0015D5E0 /* CardGameController.swift in Sources */,
				67BF0E8A1DBFAE3A00ABA537 /* Card.swift in Sources */,
				67277B4E1DC788510067C232 /* Deck.swift in Sources */,
				67BF0E8C1DBFAE6700ABA537 /* PlayingCard.swift in Sources */,
				67BF0E781DBFAD2B00ABA537 /* AppDelegate.swift in Sources */,
			);
			runOnlyForDeploymentPostprocessing = 0;
		};
/* End PBXSourcesBuildPhase section */

/* Begin PBXVariantGroup section */
		67BF0E7B1DBFAD2B00ABA537 /* Main.storyboard */ = {
			isa = PBXVariantGroup;
			children = (
				67BF0E7C1DBFAD2B00ABA537 /* Base */,
			);
			name = Main.storyboard;
			sourceTree = "<group>";
		};
		67BF0E801DBFAD2C00ABA537 /* LaunchScreen.storyboard */ = {
			isa = PBXVariantGroup;
			children = (
				67BF0E811DBFAD2C00ABA537 /* Base */,
			);
			name = LaunchScreen.storyboard;
			sourceTree = "<group>";
		};
/* End PBXVariantGroup section */

/* Begin XCBuildConfiguration section */
		67BF0E841DBFAD2C00ABA537 /* Debug */ = {
			isa = XCBuildConfiguration;
			buildSettings = {
				ALWAYS_SEARCH_USER_PATHS = NO;
				CLANG_CXX_LANGUAGE_STANDARD = "gnu++0x";
				CLANG_CXX_LIBRARY = "libc++";
				CLANG_ENABLE_MODULES = YES;
				CLANG_ENABLE_OBJC_ARC = YES;
				CLANG_WARN_BOOL_CONVERSION = YES;
				CLANG_WARN_CONSTANT_CONVERSION = YES;
				CLANG_WARN_DIRECT_OBJC_ISA_USAGE = YES_ERROR;
				CLANG_WARN_EMPTY_BODY = YES;
				CLANG_WARN_ENUM_CONVERSION = YES;
				CLANG_WARN_INT_CONVERSION = YES;
				CLANG_WARN_OBJC_ROOT_CLASS = YES_ERROR;
				CLANG_WARN_UNREACHABLE_CODE = YES;
				CLANG_WARN__DUPLICATE_METHOD_MATCH = YES;
				"CODE_SIGN_IDENTITY[sdk=iphoneos*]" = "iPhone Developer";
				COPY_PHASE_STRIP = NO;
				DEBUG_INFORMATION_FORMAT = dwarf;
				ENABLE_STRICT_OBJC_MSGSEND = YES;
				ENABLE_TESTABILITY = YES;
				GCC_C_LANGUAGE_STANDARD = gnu99;
				GCC_DYNAMIC_NO_PIC = NO;
				GCC_NO_COMMON_BLOCKS = YES;
				GCC_OPTIMIZATION_LEVEL = 0;
				GCC_PREPROCESSOR_DEFINITIONS = (
					"DEBUG=1",
					"$(inherited)",
				);
				GCC_WARN_64_TO_32_BIT_CONVERSION = YES;
				GCC_WARN_ABOUT_RETURN_TYPE = YES_ERROR;
				GCC_WARN_UNDECLARED_SELECTOR = YES;
				GCC_WARN_UNINITIALIZED_AUTOS = YES_AGGRESSIVE;
				GCC_WARN_UNUSED_FUNCTION = YES;
				GCC_WARN_UNUSED_VARIABLE = YES;
				IPHONEOS_DEPLOYMENT_TARGET = 9.2;
				MTL_ENABLE_DEBUG_INFO = YES;
				ONLY_ACTIVE_ARCH = YES;
				SDKROOT = iphoneos;
				SWIFT_OPTIMIZATION_LEVEL = "-Onone";
				TARGETED_DEVICE_FAMILY = "1,2";
			};
			name = Debug;
		};
		67BF0E851DBFAD2C00ABA537 /* Release */ = {
			isa = XCBuildConfiguration;
			buildSettings = {
				ALWAYS_SEARCH_USER_PATHS = NO;
				CLANG_CXX_LANGUAGE_STANDARD = "gnu++0x";
				CLANG_CXX_LIBRARY = "libc++";
				CLANG_ENABLE_MODULES = YES;
				CLANG_ENABLE_OBJC_ARC = YES;
				CLANG_WARN_BOOL_CONVERSION = YES;
				CLANG_WARN_CONSTANT_CONVERSION = YES;
				CLANG_WARN_DIRECT_OBJC_ISA_USAGE = YES_ERROR;
				CLANG_WARN_EMPTY_BODY = YES;
				CLANG_WARN_ENUM_CONVERSION = YES;
				CLANG_WARN_INT_CONVERSION = YES;
				CLANG_WARN_OBJC_ROOT_CLASS = YES_ERROR;
				CLANG_WARN_UNREACHABLE_CODE = YES;
				CLANG_WARN__DUPLICATE_METHOD_MATCH = YES;
				"CODE_SIGN_IDENTITY[sdk=iphoneos*]" = "iPhone Developer";
				COPY_PHASE_STRIP = NO;
				DEBUG_INFORMATION_FORMAT = "dwarf-with-dsym";
				ENABLE_NS_ASSERTIONS = NO;
				ENABLE_STRICT_OBJC_MSGSEND = YES;
				GCC_C_LANGUAGE_STANDARD = gnu99;
				GCC_NO_COMMON_BLOCKS = YES;
				GCC_WARN_64_TO_32_BIT_CONVERSION = YES;
				GCC_WARN_ABOUT_RETURN_TYPE = YES_ERROR;
				GCC_WARN_UNDECLARED_SELECTOR = YES;
				GCC_WARN_UNINITIALIZED_AUTOS = YES_AGGRESSIVE;
				GCC_WARN_UNUSED_FUNCTION = YES;
				GCC_WARN_UNUSED_VARIABLE = YES;
				IPHONEOS_DEPLOYMENT_TARGET = 9.2;
				MTL_ENABLE_DEBUG_INFO = NO;
				SDKROOT = iphoneos;
				TARGETED_DEVICE_FAMILY = "1,2";
				VALIDATE_PRODUCT = YES;
			};
			name = Release;
		};
		67BF0E871DBFAD2C00ABA537 /* Debug */ = {
			isa = XCBuildConfiguration;
			buildSettings = {
				ASSETCATALOG_COMPILER_APPICON_NAME = AppIcon;
				INFOPLIST_FILE = CardGame/Info.plist;
				LD_RUNPATH_SEARCH_PATHS = "$(inherited) @executable_path/Frameworks";
				PRODUCT_BUNDLE_IDENTIFIER = Ctec.CardGame;
				PRODUCT_NAME = "$(TARGET_NAME)";
			};
			name = Debug;
		};
		67BF0E881DBFAD2C00ABA537 /* Release */ = {
			isa = XCBuildConfiguration;
			buildSettings = {
				ASSETCATALOG_COMPILER_APPICON_NAME = AppIcon;
				INFOPLIST_FILE = CardGame/Info.plist;
				LD_RUNPATH_SEARCH_PATHS = "$(inherited) @executable_path/Frameworks";
				PRODUCT_BUNDLE_IDENTIFIER = Ctec.CardGame;
				PRODUCT_NAME = "$(TARGET_NAME)";
			};
			name = Release;
		};
/* End XCBuildConfiguration section */

/* Begin XCConfigurationList section */
		67BF0E6F1DBFAD2B00ABA537 /* Build configuration list for PBXProject "CardGame" */ = {
			isa = XCConfigurationList;
			buildConfigurations = (
				67BF0E841DBFAD2C00ABA537 /* Debug */,
				67BF0E851DBFAD2C00ABA537 /* Release */,
			);
			defaultConfigurationIsVisible = 0;
			defaultConfigurationName = Release;
		};
		67BF0E861DBFAD2C00ABA537 /* Build configuration list for PBXNativeTarget "CardGame" */ = {
			isa = XCConfigurationList;
			buildConfigurations = (
				67BF0E871DBFAD2C00ABA537 /* Debug */,
				67BF0E881DBFAD2C00ABA537 /* Release */,
			);
			defaultConfigurationIsVisible = 0;
			defaultConfigurationName = Release;
		};
/* End XCConfigurationList section */
	};
	rootObject = 67BF0E6C1DBFAD2B00ABA537 /* Project object */;
}
